
Microsoft Visual Studio Solution File, Format Version 12.00
# Visual Studio 15
VisualStudioVersion = 15.0.27428.2043
MinimumVisualStudioVersion = 10.0.40219.1
Project("{FAE04EC0-301F-11D3-BF4B-00C04F79EFBC}") = "project_1", "project_1\project_1.csproj", "{84DDE71D-590F-4C83-8878-16CF80B7BFC5}"
EndProject
Global
	GlobalSection(SolutionConfigurationPlatforms) = preSolution
		Debug|Any CPU = Debug|Any CPU
		Release|Any CPU = Release|Any CPU
	EndGlobalSection
	GlobalSection(ProjectConfigurationPlatforms) = postSolution
		{84DDE71D-590F-4C83-8878-16CF80B7BFC5}.Debug|Any CPU.ActiveCfg = Debug|Any CPU
		{84DDE71D-590F-4C83-8878-16CF80B7BFC5}.Debug|Any CPU.Build.0 = Debug|Any CPU
		{84DDE71D-590F-4C83-8878-16CF80B7BFC5}.Release|Any CPU.ActiveCfg = Release|Any CPU
		{84DDE71D-590F-4C83-8878-16CF80B7BFC5}.Release|Any CPU.Build.0 = Release|Any CPU
	EndGlobalSection
	GlobalSection(SolutionProperties) = preSolution
		HideSolutionNode = FALSE
	EndGlobalSection
	GlobalSection(ExtensibilityGlobals) = postSolution
		SolutionGuid = {3CF88A3B-CA2B-43F3-A835-2D5AFEA9AA01}
	EndGlobalSection
EndGlobal
